// !$*UTF8*$!
{
	archiveVersion = 1;
	classes = {
	};
	objectVersion = 50;
	objects = {

/* Begin PBXBuildFile section */
		C1101ED722FD744700438CE3 /* AppDelegate.swift in Sources */ = {isa = PBXBuildFile; fileRef = C1101ED622FD744700438CE3 /* AppDelegate.swift */; };
		C1101EDC22FD744700438CE3 /* Main.storyboard in Resources */ = {isa = PBXBuildFile; fileRef = C1101EDA22FD744700438CE3 /* Main.storyboard */; };
		C1101EDE22FD744800438CE3 /* Assets.xcassets in Resources */ = {isa = PBXBuildFile; fileRef = C1101EDD22FD744800438CE3 /* Assets.xcassets */; };
		C1101EE122FD744800438CE3 /* LaunchScreen.storyboard in Resources */ = {isa = PBXBuildFile; fileRef = C1101EDF22FD744800438CE3 /* LaunchScreen.storyboard */; };
		C1101EEB22FD7C5C00438CE3 /* imformedViewController.swift in Sources */ = {isa = PBXBuildFile; fileRef = C1101EEA22FD7C5C00438CE3 /* imformedViewController.swift */; };
		C1101EED22FD8BF100438CE3 /* informableViewController.swift in Sources */ = {isa = PBXBuildFile; fileRef = C1101EEC22FD8BF100438CE3 /* informableViewController.swift */; };
/* End PBXBuildFile section */

/* Begin PBXFileReference section */
		C1101ED322FD744700438CE3 /* MyTask5App.app */ = {isa = PBXFileReference; explicitFileType = wrapper.application; includeInIndex = 0; path = MyTask5App.app; sourceTree = BUILT_PRODUCTS_DIR; };
		C1101ED622FD744700438CE3 /* AppDelegate.swift */ = {isa = PBXFileReference; lastKnownFileType = sourcecode.swift; path = AppDelegate.swift; sourceTree = "<group>"; };
		C1101EDB22FD744700438CE3 /* Base */ = {isa = PBXFileReference; lastKnownFileType = file.storyboard; name = Base; path = Base.lproj/Main.storyboard; sourceTree = "<group>"; };
		C1101EDD22FD744800438CE3 /* Assets.xcassets */ = {isa = PBXFileReference; lastKnownFileType = folder.assetcatalog; path = Assets.xcassets; sourceTree = "<group>"; };
		C1101EE022FD744800438CE3 /* Base */ = {isa = PBXFileReference; lastKnownFileType = file.storyboard; name = Base; path = Base.lproj/LaunchScreen.storyboard; sourceTree = "<group>"; };
		C1101EE222FD744800438CE3 /* Info.plist */ = {isa = PBXFileReference; lastKnownFileType = text.plist.xml; path = Info.plist; sourceTree = "<group>"; };
		C1101EEA22FD7C5C00438CE3 /* imformedViewController.swift */ = {isa = PBXFileReference; lastKnownFileType = sourcecode.swift; path = imformedViewController.swift; sourceTree = "<group>"; };
		C1101EEC22FD8BF100438CE3 /* informableViewController.swift */ = {isa = PBXFileReference; lastKnownFileType = sourcecode.swift; path = informableViewController.swift; sourceTree = "<group>"; };
/* End PBXFileReference section */

/* Begin PBXFrameworksBuildPhase section */
		C1101ED022FD744700438CE3 /* Frameworks */ = {
			isa = PBXFrameworksBuildPhase;
			buildActionMask = 2147483647;
			files = (
			);
			runOnlyForDeploymentPostprocessing = 0;
		};
/* End PBXFrameworksBuildPhase section */

/* Begin PBXGroup section */
		C1101ECA22FD744700438CE3 = {
			isa = PBXGroup;
			children = (
				C1101ED522FD744700438CE3 /* MyTask5App */,
				C1101ED422FD744700438CE3 /* Products */,
			);
			sourceTree = "<group>";
		};
		C1101ED422FD744700438CE3 /* Products */ = {
			isa = PBXGroup;
			children = (
				C1101ED322FD744700438CE3 /* MyTask5App.app */,
			);
			name = Products;
			sourceTree = "<group>";
		};
		C1101ED522FD744700438CE3 /* MyTask5App */ = {
			isa = PBXGroup;
			children = (
				C1101ED622FD744700438CE3 /* AppDelegate.swift */,
				C1101EDA22FD744700438CE3 /* Main.storyboard */,
				C1101EEC22FD8BF100438CE3 /* informableViewController.swift */,
				C1101EDD22FD744800438CE3 /* Assets.xcassets */,
				C1101EEA22FD7C5C00438CE3 /* imformedViewController.swift */,
				C1101EDF22FD744800438CE3 /* LaunchScreen.storyboard */,
				C1101EE222FD744800438CE3 /* Info.plist */,
			);
			path = MyTask5App;
			sourceTree = "<group>";
		};
/* End PBXGroup section */

/* Begin PBXNativeTarget section */
		C1101ED222FD744700438CE3 /* MyTask5App */ = {
			isa = PBXNativeTarget;
			buildConfigurationList = C1101EE522FD744800438CE3 /* Build configuration list for PBXNativeTarget "MyTask5App" */;
			buildPhases = (
				C1101ECF22FD744700438CE3 /* Sources */,
				C1101ED022FD744700438CE3 /* Frameworks */,
				C1101ED122FD744700438CE3 /* Resources */,
			);
			buildRules = (
			);
			dependencies = (
			);
			name = MyTask5App;
			productName = MyTask5App;
			productReference = C1101ED322FD744700438CE3 /* MyTask5App.app */;
			productType = "com.apple.product-type.application";
		};
/* End PBXNativeTarget section */

/* Begin PBXProject section */
		C1101ECB22FD744700438CE3 /* Project object */ = {
			isa = PBXProject;
			attributes = {
				LastSwiftUpdateCheck = 1020;
				LastUpgradeCheck = 1020;
				ORGANIZATIONNAME = VERTEX24;
				TargetAttributes = {
					C1101ED222FD744700438CE3 = {
						CreatedOnToolsVersion = 10.2.1;
					};
				};
			};
			buildConfigurationList = C1101ECE22FD744700438CE3 /* Build configuration list for PBXProject "MyTask5App" */;
			compatibilityVersion = "Xcode 9.3";
			developmentRegion = en;
			hasScannedForEncodings = 0;
			knownRegions = (
				en,
				Base,
			);
			mainGroup = C1101ECA22FD744700438CE3;
			productRefGroup = C1101ED422FD744700438CE3 /* Products */;
			projectDirPath = "";
			projectRoot = "";
			targets = (
				C1101ED222FD744700438CE3 /* MyTask5App */,
			);
		};
/* End PBXProject section */

/* Begin PBXResourcesBuildPhase section */
		C1101ED122FD744700438CE3 /* Resources */ = {
			isa = PBXResourcesBuildPhase;
			buildActionMask = 2147483647;
			files = (
				C1101EE122FD744800438CE3 /* LaunchScreen.storyboard in Resources */,
				C1101EDE22FD744800438CE3 /* Assets.xcassets in Resources */,
				C1101EDC22FD744700438CE3 /* Main.storyboard in Resources */,
			);
			runOnlyForDeploymentPostprocessing = 0;
		};
/* End PBXResourcesBuildPhase section */

/* Begin PBXSourcesBuildPhase section */
		C1101ECF22FD744700438CE3 /* Sources */ = {
			isa = PBXSourcesBuildPhase;
			buildActionMask = 2147483647;
			files = (
				C1101EEB22FD7C5C00438CE3 /* imformedViewController.swift in Sources */,
				C1101ED722FD744700438CE3 /* AppDelegate.swift in Sources */,
				C1101EED22FD8BF100438CE3 /* informableViewController.swift in Sources */,
			);
			runOnlyForDeploymentPostprocessing = 0;
		};
/* End PBXSourcesBuildPhase section */

/* Begin PBXVariantGroup section */
		C1101EDA22FD744700438CE3 /* Main.storyboard */ = {
			isa = PBXVariantGroup;
			children = (
				C1101EDB22FD744700438CE3 /* Base */,
			);
			name = Main.storyboard;
			sourceTree = "<group>";
		};
		C1101EDF22FD744800438CE3 /* LaunchScreen.storyboard */ = {
			isa = PBXVariantGroup;
			children = (
				C1101EE022FD744800438CE3 /* Base */,
			);
			name = LaunchScreen.storyboard;
			sourceTree = "<group>";
		};
/* End PBXVariantGroup section */

/* Begin XCBuildConfiguration section */
		C1101EE322FD744800438CE3 /* Debug */ = {
			isa = XCBuildConfiguration;
			buildSettings = {
				ALWAYS_SEARCH_USER_PATHS = NO;
				CLANG_ANALYZER_NONNULL = YES;
				CLANG_ANALYZER_NUMBER_OBJECT_CONVERSION = YES_AGGRESSIVE;
				CLANG_CXX_LANGUAGE_STANDARD = "gnu++14";
				CLANG_CXX_LIBRARY = "libc++";
				CLANG_ENABLE_MODULES = YES;
				CLANG_ENABLE_OBJC_ARC = YES;
				CLANG_ENABLE_OBJC_WEAK = YES;
				CLANG_WARN_BLOCK_CAPTURE_AUTORELEASING = YES;
				CLANG_WARN_BOOL_CONVERSION = YES;
				CLANG_WARN_COMMA = YES;
				CLANG_WARN_CONSTANT_CONVERSION = YES;
				CLANG_WARN_DEPRECATED_OBJC_IMPLEMENTATIONS = YES;
				CLANG_WARN_DIRECT_OBJC_ISA_USAGE = YES_ERROR;
				CLANG_WARN_DOCUMENTATION_COMMENTS = YES;
				CLANG_WARN_EMPTY_BODY = YES;
				CLANG_WARN_ENUM_CONVERSION = YES;
				CLANG_WARN_INFINITE_RECURSION = YES;
				CLANG_WARN_INT_CONVERSION = YES;
				CLANG_WARN_NON_LITERAL_NULL_CONVERSION = YES;
				CLANG_WARN_OBJC_IMPLICIT_RETAIN_SELF = YES;
				CLANG_WARN_OBJC_LITERAL_CONVERSION = YES;
				CLANG_WARN_OBJC_ROOT_CLASS = YES_ERROR;
				CLANG_WARN_RANGE_LOOP_ANALYSIS = YES;
				CLANG_WARN_STRICT_PROTOTYPES = YES;
				CLANG_WARN_SUSPICIOUS_MOVE = YES;
				CLANG_WARN_UNGUARDED_AVAILABILITY = YES_AGGRESSIVE;
				CLANG_WARN_UNREACHABLE_CODE = YES;
				CLANG_WARN__DUPLICATE_METHOD_MATCH = YES;
				CODE_SIGN_IDENTITY = "iPhone Developer";
				COPY_PHASE_STRIP = NO;
				DEBUG_INFORMATION_FORMAT = dwarf;
				ENABLE_STRICT_OBJC_MSGSEND = YES;
				ENABLE_TESTABILITY = YES;
				GCC_C_LANGUAGE_STANDARD = gnu11;
				GCC_DYNAMIC_NO_PIC = NO;
				GCC_NO_COMMON_BLOCKS = YES;
				GCC_OPTIMIZATION_LEVEL = 0;
				GCC_PREPROCESSOR_DEFINITIONS = (
					"DEBUG=1",
					"$(inherited)",
				);
				GCC_WARN_64_TO_32_BIT_CONVERSION = YES;
				GCC_WARN_ABOUT_RETURN_TYPE = YES_ERROR;
				GCC_WARN_UNDECLARED_SELECTOR = YES;
				GCC_WARN_UNINITIALIZED_AUTOS = YES_AGGRESSIVE;
				GCC_WARN_UNUSED_FUNCTION = YES;
				GCC_WARN_UNUSED_VARIABLE = YES;
				IPHONEOS_DEPLOYMENT_TARGET = 12.2;
				MTL_ENABLE_DEBUG_INFO = INCLUDE_SOURCE;
				MTL_FAST_MATH = YES;
				ONLY_ACTIVE_ARCH = YES;
				SDKROOT = iphoneos;
				SWIFT_ACTIVE_COMPILATION_CONDITIONS = DEBUG;
				SWIFT_OPTIMIZATION_LEVEL = "-Onone";
			};
			name = Debug;
		};
		C1101EE422FD744800438CE3 /* Release */ = {
			isa = XCBuildConfiguration;
			buildSettings = {
				ALWAYS_SEARCH_USER_PATHS = NO;
				CLANG_ANALYZER_NONNULL = YES;
				CLANG_ANALYZER_NUMBER_OBJECT_CONVERSION = YES_AGGRESSIVE;
				CLANG_CXX_LANGUAGE_STANDARD = "gnu++14";
				CLANG_CXX_LIBRARY = "libc++";
				CLANG_ENABLE_MODULES = YES;
				CLANG_ENABLE_OBJC_ARC = YES;
				CLANG_ENABLE_OBJC_WEAK = YES;
				CLANG_WARN_BLOCK_CAPTURE_AUTORELEASING = YES;
				CLANG_WARN_BOOL_CONVERSION = YES;
				CLANG_WARN_COMMA = YES;
				CLANG_WARN_CONSTANT_CONVERSION = YES;
				CLANG_WARN_DEPRECATED_OBJC_IMPLEMENTATIONS = YES;
				CLANG_WARN_DIRECT_OBJC_ISA_USAGE = YES_ERROR;
				CLANG_WARN_DOCUMENTATION_COMMENTS = YES;
				CLANG_WARN_EMPTY_BODY = YES;
				CLANG_WARN_ENUM_CONVERSION = YES;
				CLANG_WARN_INFINITE_RECURSION = YES;
				CLANG_WARN_INT_CONVERSION = YES;
				CLANG_WARN_NON_LITERAL_NULL_CONVERSION = YES;
				CLANG_WARN_OBJC_IMPLICIT_RETAIN_SELF = YES;
				CLANG_WARN_OBJC_LITERAL_CONVERSION = YES;
				CLANG_WARN_OBJC_ROOT_CLASS = YES_ERROR;
				CLANG_WARN_RANGE_LOOP_ANALYSIS = YES;
				CLANG_WARN_STRICT_PROTOTYPES = YES;
				CLANG_WARN_SUSPICIOUS_MOVE = YES;
				CLANG_WARN_UNGUARDED_AVAILABILITY = YES_AGGRESSIVE;
				CLANG_WARN_UNREACHABLE_CODE = YES;
				CLANG_WARN__DUPLICATE_METHOD_MATCH = YES;
				CODE_SIGN_IDENTITY = "iPhone Developer";
				COPY_PHASE_STRIP = NO;
				DEBUG_INFORMATION_FORMAT = "dwarf-with-dsym";
				ENABLE_NS_ASSERTIONS = NO;
				ENABLE_STRICT_OBJC_MSGSEND = YES;
				GCC_C_LANGUAGE_STANDARD = gnu11;
				GCC_NO_COMMON_BLOCKS = YES;
				GCC_WARN_64_TO_32_BIT_CONVERSION = YES;
				GCC_WARN_ABOUT_RETURN_TYPE = YES_ERROR;
				GCC_WARN_UNDECLARED_SELECTOR = YES;
				GCC_WARN_UNINITIALIZED_AUTOS = YES_AGGRESSIVE;
				GCC_WARN_UNUSED_FUNCTION = YES;
				GCC_WARN_UNUSED_VARIABLE = YES;
				IPHONEOS_DEPLOYMENT_TARGET = 12.2;
				MTL_ENABLE_DEBUG_INFO = NO;
				MTL_FAST_MATH = YES;
				SDKROOT = iphoneos;
				SWIFT_COMPILATION_MODE = wholemodule;
				SWIFT_OPTIMIZATION_LEVEL = "-O";
				VALIDATE_PRODUCT = YES;
			};
			name = Release;
		};
		C1101EE622FD744800438CE3 /* Debug */ = {
			isa = XCBuildConfiguration;
			buildSettings = {
				ASSETCATALOG_COMPILER_APPICON_NAME = AppIcon;
				CODE_SIGN_STYLE = Automatic;
				INFOPLIST_FILE = MyTask5App/Info.plist;
				LD_RUNPATH_SEARCH_PATHS = (
					"$(inherited)",
					"@executable_path/Frameworks",
				);
				PRODUCT_BUNDLE_IDENTIFIER = asobi.MyTask5App;
				PRODUCT_NAME = "$(TARGET_NAME)";
				SWIFT_VERSION = 5.0;
				TARGETED_DEVICE_FAMILY = "1,2";
			};
			name = Debug;
		};
		C1101EE722FD744800438CE3 /* Release */ = {
			isa = XCBuildConfiguration;
			buildSettings = {
				ASSETCATALOG_COMPILER_APPICON_NAME = AppIcon;
				CODE_SIGN_STYLE = Automatic;
				INFOPLIST_FILE = MyTask5App/Info.plist;
				LD_RUNPATH_SEARCH_PATHS = (
					"$(inherited)",
					"@executable_path/Frameworks",
				);
				PRODUCT_BUNDLE_IDENTIFIER = asobi.MyTask5App;
				PRODUCT_NAME = "$(TARGET_NAME)";
				SWIFT_VERSION = 5.0;
				TARGETED_DEVICE_FAMILY = "1,2";
			};
			name = Release;
		};
/* End XCBuildConfiguration section */

/* Begin XCConfigurationList section */
		C1101ECE22FD744700438CE3 /* Build configuration list for PBXProject "MyTask5App" */ = {
			isa = XCConfigurationList;
			buildConfigurations = (
				C1101EE322FD744800438CE3 /* Debug */,
				C1101EE422FD744800438CE3 /* Release */,
			);
			defaultConfigurationIsVisible = 0;
			defaultConfigurationName = Release;
		};
		C1101EE522FD744800438CE3 /* Build configuration list for PBXNativeTarget "MyTask5App" */ = {
			isa = XCConfigurationList;
			buildConfigurations = (
				C1101EE622FD744800438CE3 /* Debug */,
				C1101EE722FD744800438CE3 /* Release */,
			);
			defaultConfigurationIsVisible = 0;
			defaultConfigurationName = Release;
		};
/* End XCConfigurationList section */
	};
	rootObject = C1101ECB22FD744700438CE3 /* Project object */;
}
